// !$*UTF8*$!
{
	archiveVersion = 1;
	classes = {
	};
	objectVersion = 46;
	objects = {

/* Begin PBXBuildFile section */
		9FCC209E1E4AEBAC00CF9D06 /* AppDelegate.swift in Sources */ = {isa = PBXBuildFile; fileRef = 9FCC209D1E4AEBAC00CF9D06 /* AppDelegate.swift */; };
		9FCC20A01E4AEBAC00CF9D06 /* ViewController.swift in Sources */ = {isa = PBXBuildFile; fileRef = 9FCC209F1E4AEBAC00CF9D06 /* ViewController.swift */; };
		9FCC20A31E4AEBAC00CF9D06 /* Main.storyboard in Resources */ = {isa = PBXBuildFile; fileRef = 9FCC20A11E4AEBAC00CF9D06 /* Main.storyboard */; };
		9FCC20A51E4AEBAC00CF9D06 /* Assets.xcassets in Resources */ = {isa = PBXBuildFile; fileRef = 9FCC20A41E4AEBAC00CF9D06 /* Assets.xcassets */; };
		9FCC20A81E4AEBAC00CF9D06 /* LaunchScreen.storyboard in Resources */ = {isa = PBXBuildFile; fileRef = 9FCC20A61E4AEBAC00CF9D06 /* LaunchScreen.storyboard */; };
		9FCC20B31E4AEBAD00CF9D06 /* JomTekaTests.swift in Sources */ = {isa = PBXBuildFile; fileRef = 9FCC20B21E4AEBAD00CF9D06 /* JomTekaTests.swift */; };
		9FCC20BE1E4AEBAD00CF9D06 /* JomTekaUITests.swift in Sources */ = {isa = PBXBuildFile; fileRef = 9FCC20BD1E4AEBAD00CF9D06 /* JomTekaUITests.swift */; };
/* End PBXBuildFile section */

/* Begin PBXContainerItemProxy section */
		9FCC20AF1E4AEBAD00CF9D06 /* PBXContainerItemProxy */ = {
			isa = PBXContainerItemProxy;
			containerPortal = 9FCC20921E4AEBAC00CF9D06 /* Project object */;
			proxyType = 1;
			remoteGlobalIDString = 9FCC20991E4AEBAC00CF9D06;
			remoteInfo = JomTeka;
		};
		9FCC20BA1E4AEBAD00CF9D06 /* PBXContainerItemProxy */ = {
			isa = PBXContainerItemProxy;
			containerPortal = 9FCC20921E4AEBAC00CF9D06 /* Project object */;
			proxyType = 1;
			remoteGlobalIDString = 9FCC20991E4AEBAC00CF9D06;
			remoteInfo = JomTeka;
		};
/* End PBXContainerItemProxy section */

/* Begin PBXFileReference section */
		9FCC209A1E4AEBAC00CF9D06 /* JomTeka.app */ = {isa = PBXFileReference; explicitFileType = wrapper.application; includeInIndex = 0; path = JomTeka.app; sourceTree = BUILT_PRODUCTS_DIR; };
		9FCC209D1E4AEBAC00CF9D06 /* AppDelegate.swift */ = {isa = PBXFileReference; lastKnownFileType = sourcecode.swift; path = AppDelegate.swift; sourceTree = "<group>"; };
		9FCC209F1E4AEBAC00CF9D06 /* ViewController.swift */ = {isa = PBXFileReference; lastKnownFileType = sourcecode.swift; path = ViewController.swift; sourceTree = "<group>"; };
		9FCC20A21E4AEBAC00CF9D06 /* Base */ = {isa = PBXFileReference; lastKnownFileType = file.storyboard; name = Base; path = Base.lproj/Main.storyboard; sourceTree = "<group>"; };
		9FCC20A41E4AEBAC00CF9D06 /* Assets.xcassets */ = {isa = PBXFileReference; lastKnownFileType = folder.assetcatalog; path = Assets.xcassets; sourceTree = "<group>"; };
		9FCC20A71E4AEBAC00CF9D06 /* Base */ = {isa = PBXFileReference; lastKnownFileType = file.storyboard; name = Base; path = Base.lproj/LaunchScreen.storyboard; sourceTree = "<group>"; };
		9FCC20A91E4AEBAC00CF9D06 /* Info.plist */ = {isa = PBXFileReference; lastKnownFileType = text.plist.xml; path = Info.plist; sourceTree = "<group>"; };
		9FCC20AE1E4AEBAD00CF9D06 /* JomTekaTests.xctest */ = {isa = PBXFileReference; explicitFileType = wrapper.cfbundle; includeInIndex = 0; path = JomTekaTests.xctest; sourceTree = BUILT_PRODUCTS_DIR; };
		9FCC20B21E4AEBAD00CF9D06 /* JomTekaTests.swift */ = {isa = PBXFileReference; lastKnownFileType = sourcecode.swift; path = JomTekaTests.swift; sourceTree = "<group>"; };
		9FCC20B41E4AEBAD00CF9D06 /* Info.plist */ = {isa = PBXFileReference; lastKnownFileType = text.plist.xml; path = Info.plist; sourceTree = "<group>"; };
		9FCC20B91E4AEBAD00CF9D06 /* JomTekaUITests.xctest */ = {isa = PBXFileReference; explicitFileType = wrapper.cfbundle; includeInIndex = 0; path = JomTekaUITests.xctest; sourceTree = BUILT_PRODUCTS_DIR; };
		9FCC20BD1E4AEBAD00CF9D06 /* JomTekaUITests.swift */ = {isa = PBXFileReference; lastKnownFileType = sourcecode.swift; path = JomTekaUITests.swift; sourceTree = "<group>"; };
		9FCC20BF1E4AEBAD00CF9D06 /* Info.plist */ = {isa = PBXFileReference; lastKnownFileType = text.plist.xml; path = Info.plist; sourceTree = "<group>"; };
/* End PBXFileReference section */

/* Begin PBXFrameworksBuildPhase section */
		9FCC20971E4AEBAC00CF9D06 /* Frameworks */ = {
			isa = PBXFrameworksBuildPhase;
			buildActionMask = 2147483647;
			files = (
			);
			runOnlyForDeploymentPostprocessing = 0;
		};
		9FCC20AB1E4AEBAD00CF9D06 /* Frameworks */ = {
			isa = PBXFrameworksBuildPhase;
			buildActionMask = 2147483647;
			files = (
			);
			runOnlyForDeploymentPostprocessing = 0;
		};
		9FCC20B61E4AEBAD00CF9D06 /* Frameworks */ = {
			isa = PBXFrameworksBuildPhase;
			buildActionMask = 2147483647;
			files = (
			);
			runOnlyForDeploymentPostprocessing = 0;
		};
/* End PBXFrameworksBuildPhase section */

/* Begin PBXGroup section */
		9FCC20911E4AEBAC00CF9D06 = {
			isa = PBXGroup;
			children = (
				9FCC209C1E4AEBAC00CF9D06 /* JomTeka */,
				9FCC20B11E4AEBAD00CF9D06 /* JomTekaTests */,
				9FCC20BC1E4AEBAD00CF9D06 /* JomTekaUITests */,
				9FCC209B1E4AEBAC00CF9D06 /* Products */,
			);
			sourceTree = "<group>";
		};
		9FCC209B1E4AEBAC00CF9D06 /* Products */ = {
			isa = PBXGroup;
			children = (
				9FCC209A1E4AEBAC00CF9D06 /* JomTeka.app */,
				9FCC20AE1E4AEBAD00CF9D06 /* JomTekaTests.xctest */,
				9FCC20B91E4AEBAD00CF9D06 /* JomTekaUITests.xctest */,
			);
			name = Products;
			sourceTree = "<group>";
		};
		9FCC209C1E4AEBAC00CF9D06 /* JomTeka */ = {
			isa = PBXGroup;
			children = (
				9FCC209D1E4AEBAC00CF9D06 /* AppDelegate.swift */,
				9FCC209F1E4AEBAC00CF9D06 /* ViewController.swift */,
				9FCC20A11E4AEBAC00CF9D06 /* Main.storyboard */,
				9FCC20A41E4AEBAC00CF9D06 /* Assets.xcassets */,
				9FCC20A61E4AEBAC00CF9D06 /* LaunchScreen.storyboard */,
				9FCC20A91E4AEBAC00CF9D06 /* Info.plist */,
			);
			path = JomTeka;
			sourceTree = "<group>";
		};
		9FCC20B11E4AEBAD00CF9D06 /* JomTekaTests */ = {
			isa = PBXGroup;
			children = (
				9FCC20B21E4AEBAD00CF9D06 /* JomTekaTests.swift */,
				9FCC20B41E4AEBAD00CF9D06 /* Info.plist */,
			);
			path = JomTekaTests;
			sourceTree = "<group>";
		};
		9FCC20BC1E4AEBAD00CF9D06 /* JomTekaUITests */ = {
			isa = PBXGroup;
			children = (
				9FCC20BD1E4AEBAD00CF9D06 /* JomTekaUITests.swift */,
				9FCC20BF1E4AEBAD00CF9D06 /* Info.plist */,
			);
			path = JomTekaUITests;
			sourceTree = "<group>";
		};
/* End PBXGroup section */

/* Begin PBXNativeTarget section */
		9FCC20991E4AEBAC00CF9D06 /* JomTeka */ = {
			isa = PBXNativeTarget;
			buildConfigurationList = 9FCC20C21E4AEBAD00CF9D06 /* Build configuration list for PBXNativeTarget "JomTeka" */;
			buildPhases = (
				9FCC20961E4AEBAC00CF9D06 /* Sources */,
				9FCC20971E4AEBAC00CF9D06 /* Frameworks */,
				9FCC20981E4AEBAC00CF9D06 /* Resources */,
			);
			buildRules = (
			);
			dependencies = (
			);
			name = JomTeka;
			productName = JomTeka;
			productReference = 9FCC209A1E4AEBAC00CF9D06 /* JomTeka.app */;
			productType = "com.apple.product-type.application";
		};
		9FCC20AD1E4AEBAD00CF9D06 /* JomTekaTests */ = {
			isa = PBXNativeTarget;
			buildConfigurationList = 9FCC20C51E4AEBAD00CF9D06 /* Build configuration list for PBXNativeTarget "JomTekaTests" */;
			buildPhases = (
				9FCC20AA1E4AEBAD00CF9D06 /* Sources */,
				9FCC20AB1E4AEBAD00CF9D06 /* Frameworks */,
				9FCC20AC1E4AEBAD00CF9D06 /* Resources */,
			);
			buildRules = (
			);
			dependencies = (
				9FCC20B01E4AEBAD00CF9D06 /* PBXTargetDependency */,
			);
			name = JomTekaTests;
			productName = JomTekaTests;
			productReference = 9FCC20AE1E4AEBAD00CF9D06 /* JomTekaTests.xctest */;
			productType = "com.apple.product-type.bundle.unit-test";
		};
		9FCC20B81E4AEBAD00CF9D06 /* JomTekaUITests */ = {
			isa = PBXNativeTarget;
			buildConfigurationList = 9FCC20C81E4AEBAD00CF9D06 /* Build configuration list for PBXNativeTarget "JomTekaUITests" */;
			buildPhases = (
				9FCC20B51E4AEBAD00CF9D06 /* Sources */,
				9FCC20B61E4AEBAD00CF9D06 /* Frameworks */,
				9FCC20B71E4AEBAD00CF9D06 /* Resources */,
			);
			buildRules = (
			);
			dependencies = (
				9FCC20BB1E4AEBAD00CF9D06 /* PBXTargetDependency */,
			);
			name = JomTekaUITests;
			productName = JomTekaUITests;
			productReference = 9FCC20B91E4AEBAD00CF9D06 /* JomTekaUITests.xctest */;
			productType = "com.apple.product-type.bundle.ui-testing";
		};
/* End PBXNativeTarget section */

/* Begin PBXProject section */
		9FCC20921E4AEBAC00CF9D06 /* Project object */ = {
			isa = PBXProject;
			attributes = {
				LastSwiftUpdateCheck = 0820;
				LastUpgradeCheck = 0820;
				ORGANIZATIONNAME = "Trillioniaga RightStocks Services";
				TargetAttributes = {
					9FCC20991E4AEBAC00CF9D06 = {
						CreatedOnToolsVersion = 8.2.1;
						DevelopmentTeam = 979R9227AS;
						ProvisioningStyle = Automatic;
					};
					9FCC20AD1E4AEBAD00CF9D06 = {
						CreatedOnToolsVersion = 8.2.1;
						DevelopmentTeam = 979R9227AS;
						ProvisioningStyle = Automatic;
						TestTargetID = 9FCC20991E4AEBAC00CF9D06;
					};
					9FCC20B81E4AEBAD00CF9D06 = {
						CreatedOnToolsVersion = 8.2.1;
						DevelopmentTeam = 979R9227AS;
						ProvisioningStyle = Automatic;
						TestTargetID = 9FCC20991E4AEBAC00CF9D06;
					};
				};
			};
			buildConfigurationList = 9FCC20951E4AEBAC00CF9D06 /* Build configuration list for PBXProject "JomTeka" */;
			compatibilityVersion = "Xcode 3.2";
			developmentRegion = English;
			hasScannedForEncodings = 0;
			knownRegions = (
				en,
				Base,
			);
			mainGroup = 9FCC20911E4AEBAC00CF9D06;
			productRefGroup = 9FCC209B1E4AEBAC00CF9D06 /* Products */;
			projectDirPath = "";
			projectRoot = "";
			targets = (
				9FCC20991E4AEBAC00CF9D06 /* JomTeka */,
				9FCC20AD1E4AEBAD00CF9D06 /* JomTekaTests */,
				9FCC20B81E4AEBAD00CF9D06 /* JomTekaUITests */,
			);
		};
/* End PBXProject section */

/* Begin PBXResourcesBuildPhase section */
		9FCC20981E4AEBAC00CF9D06 /* Resources */ = {
			isa = PBXResourcesBuildPhase;
			buildActionMask = 2147483647;
			files = (
				9FCC20A81E4AEBAC00CF9D06 /* LaunchScreen.storyboard in Resources */,
				9FCC20A51E4AEBAC00CF9D06 /* Assets.xcassets in Resources */,
				9FCC20A31E4AEBAC00CF9D06 /* Main.storyboard in Resources */,
			);
			runOnlyForDeploymentPostprocessing = 0;
		};
		9FCC20AC1E4AEBAD00CF9D06 /* Resources */ = {
			isa = PBXResourcesBuildPhase;
			buildActionMask = 2147483647;
			files = (
			);
			runOnlyForDeploymentPostprocessing = 0;
		};
		9FCC20B71E4AEBAD00CF9D06 /* Resources */ = {
			isa = PBXResourcesBuildPhase;
			buildActionMask = 2147483647;
			files = (
			);
			runOnlyForDeploymentPostprocessing = 0;
		};
/* End PBXResourcesBuildPhase section */

/* Begin PBXSourcesBuildPhase section */
		9FCC20961E4AEBAC00CF9D06 /* Sources */ = {
			isa = PBXSourcesBuildPhase;
			buildActionMask = 2147483647;
			files = (
				9FCC20A01E4AEBAC00CF9D06 /* ViewController.swift in Sources */,
				9FCC209E1E4AEBAC00CF9D06 /* AppDelegate.swift in Sources */,
			);
			runOnlyForDeploymentPostprocessing = 0;
		};
		9FCC20AA1E4AEBAD00CF9D06 /* Sources */ = {
			isa = PBXSourcesBuildPhase;
			buildActionMask = 2147483647;
			files = (
				9FCC20B31E4AEBAD00CF9D06 /* JomTekaTests.swift in Sources */,
			);
			runOnlyForDeploymentPostprocessing = 0;
		};
		9FCC20B51E4AEBAD00CF9D06 /* Sources */ = {
			isa = PBXSourcesBuildPhase;
			buildActionMask = 2147483647;
			files = (
				9FCC20BE1E4AEBAD00CF9D06 /* JomTekaUITests.swift in Sources */,
			);
			runOnlyForDeploymentPostprocessing = 0;
		};
/* End PBXSourcesBuildPhase section */

/* Begin PBXTargetDependency section */
		9FCC20B01E4AEBAD00CF9D06 /* PBXTargetDependency */ = {
			isa = PBXTargetDependency;
			target = 9FCC20991E4AEBAC00CF9D06 /* JomTeka */;
			targetProxy = 9FCC20AF1E4AEBAD00CF9D06 /* PBXContainerItemProxy */;
		};
		9FCC20BB1E4AEBAD00CF9D06 /* PBXTargetDependency */ = {
			isa = PBXTargetDependency;
			target = 9FCC20991E4AEBAC00CF9D06 /* JomTeka */;
			targetProxy = 9FCC20BA1E4AEBAD00CF9D06 /* PBXContainerItemProxy */;
		};
/* End PBXTargetDependency section */

/* Begin PBXVariantGroup section */
		9FCC20A11E4AEBAC00CF9D06 /* Main.storyboard */ = {
			isa = PBXVariantGroup;
			children = (
				9FCC20A21E4AEBAC00CF9D06 /* Base */,
			);
			name = Main.storyboard;
			sourceTree = "<group>";
		};
		9FCC20A61E4AEBAC00CF9D06 /* LaunchScreen.storyboard */ = {
			isa = PBXVariantGroup;
			children = (
				9FCC20A71E4AEBAC00CF9D06 /* Base */,
			);
			name = LaunchScreen.storyboard;
			sourceTree = "<group>";
		};
/* End PBXVariantGroup section */

/* Begin XCBuildConfiguration section */
		9FCC20C01E4AEBAD00CF9D06 /* Debug */ = {
			isa = XCBuildConfiguration;
			buildSettings = {
				ALWAYS_SEARCH_USER_PATHS = NO;
				CLANG_ANALYZER_NONNULL = YES;
				CLANG_CXX_LANGUAGE_STANDARD = "gnu++0x";
				CLANG_CXX_LIBRARY = "libc++";
				CLANG_ENABLE_MODULES = YES;
				CLANG_ENABLE_OBJC_ARC = YES;
				CLANG_WARN_BOOL_CONVERSION = YES;
				CLANG_WARN_CONSTANT_CONVERSION = YES;
				CLANG_WARN_DIRECT_OBJC_ISA_USAGE = YES_ERROR;
				CLANG_WARN_DOCUMENTATION_COMMENTS = YES;
				CLANG_WARN_EMPTY_BODY = YES;
				CLANG_WARN_ENUM_CONVERSION = YES;
				CLANG_WARN_INFINITE_RECURSION = YES;
				CLANG_WARN_INT_CONVERSION = YES;
				CLANG_WARN_OBJC_ROOT_CLASS = YES_ERROR;
				CLANG_WARN_SUSPICIOUS_MOVE = YES;
				CLANG_WARN_UNREACHABLE_CODE = YES;
				CLANG_WARN__DUPLICATE_METHOD_MATCH = YES;
				"CODE_SIGN_IDENTITY[sdk=iphoneos*]" = "iPhone Developer";
				COPY_PHASE_STRIP = NO;
				DEBUG_INFORMATION_FORMAT = dwarf;
				ENABLE_STRICT_OBJC_MSGSEND = YES;
				ENABLE_TESTABILITY = YES;
				GCC_C_LANGUAGE_STANDARD = gnu99;
				GCC_DYNAMIC_NO_PIC = NO;
				GCC_NO_COMMON_BLOCKS = YES;
				GCC_OPTIMIZATION_LEVEL = 0;
				GCC_PREPROCESSOR_DEFINITIONS = (
					"DEBUG=1",
					"$(inherited)",
				);
				GCC_WARN_64_TO_32_BIT_CONVERSION = YES;
				GCC_WARN_ABOUT_RETURN_TYPE = YES_ERROR;
				GCC_WARN_UNDECLARED_SELECTOR = YES;
				GCC_WARN_UNINITIALIZED_AUTOS = YES_AGGRESSIVE;
				GCC_WARN_UNUSED_FUNCTION = YES;
				GCC_WARN_UNUSED_VARIABLE = YES;
				IPHONEOS_DEPLOYMENT_TARGET = 10.2;
				MTL_ENABLE_DEBUG_INFO = YES;
				ONLY_ACTIVE_ARCH = YES;
				SDKROOT = iphoneos;
				SWIFT_ACTIVE_COMPILATION_CONDITIONS = DEBUG;
				SWIFT_OPTIMIZATION_LEVEL = "-Onone";
				TARGETED_DEVICE_FAMILY = "1,2";
			};
			name = Debug;
		};
		9FCC20C11E4AEBAD00CF9D06 /* Release */ = {
			isa = XCBuildConfiguration;
			buildSettings = {
				ALWAYS_SEARCH_USER_PATHS = NO;
				CLANG_ANALYZER_NONNULL = YES;
				CLANG_CXX_LANGUAGE_STANDARD = "gnu++0x";
				CLANG_CXX_LIBRARY = "libc++";
				CLANG_ENABLE_MODULES = YES;
				CLANG_ENABLE_OBJC_ARC = YES;
				CLANG_WARN_BOOL_CONVERSION = YES;
				CLANG_WARN_CONSTANT_CONVERSION = YES;
				CLANG_WARN_DIRECT_OBJC_ISA_USAGE = YES_ERROR;
				CLANG_WARN_DOCUMENTATION_COMMENTS = YES;
				CLANG_WARN_EMPTY_BODY = YES;
				CLANG_WARN_ENUM_CONVERSION = YES;
				CLANG_WARN_INFINITE_RECURSION = YES;
				CLANG_WARN_INT_CONVERSION = YES;
				CLANG_WARN_OBJC_ROOT_CLASS = YES_ERROR;
				CLANG_WARN_SUSPICIOUS_MOVE = YES;
				CLANG_WARN_UNREACHABLE_CODE = YES;
				CLANG_WARN__DUPLICATE_METHOD_MATCH = YES;
				"CODE_SIGN_IDENTITY[sdk=iphoneos*]" = "iPhone Developer";
				COPY_PHASE_STRIP = NO;
				DEBUG_INFORMATION_FORMAT = "dwarf-with-dsym";
				ENABLE_NS_ASSERTIONS = NO;
				ENABLE_STRICT_OBJC_MSGSEND = YES;
				GCC_C_LANGUAGE_STANDARD = gnu99;
				GCC_NO_COMMON_BLOCKS = YES;
				GCC_WARN_64_TO_32_BIT_CONVERSION = YES;
				GCC_WARN_ABOUT_RETURN_TYPE = YES_ERROR;
				GCC_WARN_UNDECLARED_SELECTOR = YES;
				GCC_WARN_UNINITIALIZED_AUTOS = YES_AGGRESSIVE;
				GCC_WARN_UNUSED_FUNCTION = YES;
				GCC_WARN_UNUSED_VARIABLE = YES;
				IPHONEOS_DEPLOYMENT_TARGET = 10.2;
				MTL_ENABLE_DEBUG_INFO = NO;
				SDKROOT = iphoneos;
				SWIFT_OPTIMIZATION_LEVEL = "-Owholemodule";
				TARGETED_DEVICE_FAMILY = "1,2";
				VALIDATE_PRODUCT = YES;
			};
			name = Release;
		};
		9FCC20C31E4AEBAD00CF9D06 /* Debug */ = {
			isa = XCBuildConfiguration;
			buildSettings = {
				ASSETCATALOG_COMPILER_APPICON_NAME = AppIcon;
				DEVELOPMENT_TEAM = 979R9227AS;
				INFOPLIST_FILE = JomTeka/Info.plist;
				LD_RUNPATH_SEARCH_PATHS = "$(inherited) @executable_path/Frameworks";
				PRODUCT_BUNDLE_IDENTIFIER = com.abdhay.JomTeka;
				PRODUCT_NAME = "$(TARGET_NAME)";
				SWIFT_VERSION = 3.0;
			};
			name = Debug;
		};
		9FCC20C41E4AEBAD00CF9D06 /* Release */ = {
			isa = XCBuildConfiguration;
			buildSettings = {
				ASSETCATALOG_COMPILER_APPICON_NAME = AppIcon;
				DEVELOPMENT_TEAM = 979R9227AS;
				INFOPLIST_FILE = JomTeka/Info.plist;
				LD_RUNPATH_SEARCH_PATHS = "$(inherited) @executable_path/Frameworks";
				PRODUCT_BUNDLE_IDENTIFIER = com.abdhay.JomTeka;
				PRODUCT_NAME = "$(TARGET_NAME)";
				SWIFT_VERSION = 3.0;
			};
			name = Release;
		};
		9FCC20C61E4AEBAD00CF9D06 /* Debug */ = {
			isa = XCBuildConfiguration;
			buildSettings = {
				ALWAYS_EMBED_SWIFT_STANDARD_LIBRARIES = YES;
				BUNDLE_LOADER = "$(TEST_HOST)";
				DEVELOPMENT_TEAM = 979R9227AS;
				INFOPLIST_FILE = JomTekaTests/Info.plist;
				LD_RUNPATH_SEARCH_PATHS = "$(inherited) @executable_path/Frameworks @loader_path/Frameworks";
				PRODUCT_BUNDLE_IDENTIFIER = com.abdhay.JomTekaTests;
				PRODUCT_NAME = "$(TARGET_NAME)";
				SWIFT_VERSION = 3.0;
				TEST_HOST = "$(BUILT_PRODUCTS_DIR)/JomTeka.app/JomTeka";
			};
			name = Debug;
		};
		9FCC20C71E4AEBAD00CF9D06 /* Release */ = {
			isa = XCBuildConfiguration;
			buildSettings = {
				ALWAYS_EMBED_SWIFT_STANDARD_LIBRARIES = YES;
				BUNDLE_LOADER = "$(TEST_HOST)";
				DEVELOPMENT_TEAM = 979R9227AS;
				INFOPLIST_FILE = JomTekaTests/Info.plist;
				LD_RUNPATH_SEARCH_PATHS = "$(inherited) @executable_path/Frameworks @loader_path/Frameworks";
				PRODUCT_BUNDLE_IDENTIFIER = com.abdhay.JomTekaTests;
				PRODUCT_NAME = "$(TARGET_NAME)";
				SWIFT_VERSION = 3.0;
				TEST_HOST = "$(BUILT_PRODUCTS_DIR)/JomTeka.app/JomTeka";
			};
			name = Release;
		};
		9FCC20C91E4AEBAD00CF9D06 /* Debug */ = {
			isa = XCBuildConfiguration;
			buildSettings = {
				ALWAYS_EMBED_SWIFT_STANDARD_LIBRARIES = YES;
				DEVELOPMENT_TEAM = 979R9227AS;
				INFOPLIST_FILE = JomTekaUITests/Info.plist;
				LD_RUNPATH_SEARCH_PATHS = "$(inherited) @executable_path/Frameworks @loader_path/Frameworks";
				PRODUCT_BUNDLE_IDENTIFIER = com.abdhay.JomTekaUITests;
				PRODUCT_NAME = "$(TARGET_NAME)";
				SWIFT_VERSION = 3.0;
				TEST_TARGET_NAME = JomTeka;
			};
			name = Debug;
		};
		9FCC20CA1E4AEBAD00CF9D06 /* Release */ = {
			isa = XCBuildConfiguration;
			buildSettings = {
				ALWAYS_EMBED_SWIFT_STANDARD_LIBRARIES = YES;
				DEVELOPMENT_TEAM = 979R9227AS;
				INFOPLIST_FILE = JomTekaUITests/Info.plist;
				LD_RUNPATH_SEARCH_PATHS = "$(inherited) @executable_path/Frameworks @loader_path/Frameworks";
				PRODUCT_BUNDLE_IDENTIFIER = com.abdhay.JomTekaUITests;
				PRODUCT_NAME = "$(TARGET_NAME)";
				SWIFT_VERSION = 3.0;
				TEST_TARGET_NAME = JomTeka;
			};
			name = Release;
		};
/* End XCBuildConfiguration section */

/* Begin XCConfigurationList section */
		9FCC20951E4AEBAC00CF9D06 /* Build configuration list for PBXProject "JomTeka" */ = {
			isa = XCConfigurationList;
			buildConfigurations = (
				9FCC20C01E4AEBAD00CF9D06 /* Debug */,
				9FCC20C11E4AEBAD00CF9D06 /* Release */,
			);
			defaultConfigurationIsVisible = 0;
			defaultConfigurationName = Release;
		};
		9FCC20C21E4AEBAD00CF9D06 /* Build configuration list for PBXNativeTarget "JomTeka" */ = {
			isa = XCConfigurationList;
			buildConfigurations = (
				9FCC20C31E4AEBAD00CF9D06 /* Debug */,
				9FCC20C41E4AEBAD00CF9D06 /* Release */,
			);
			defaultConfigurationIsVisible = 0;
		};
		9FCC20C51E4AEBAD00CF9D06 /* Build configuration list for PBXNativeTarget "JomTekaTests" */ = {
			isa = XCConfigurationList;
			buildConfigurations = (
				9FCC20C61E4AEBAD00CF9D06 /* Debug */,
				9FCC20C71E4AEBAD00CF9D06 /* Release */,
			);
			defaultConfigurationIsVisible = 0;
		};
		9FCC20C81E4AEBAD00CF9D06 /* Build configuration list for PBXNativeTarget "JomTekaUITests" */ = {
			isa = XCConfigurationList;
			buildConfigurations = (
				9FCC20C91E4AEBAD00CF9D06 /* Debug */,
				9FCC20CA1E4AEBAD00CF9D06 /* Release */,
			);
			defaultConfigurationIsVisible = 0;
		};
/* End XCConfigurationList section */
	};
	rootObject = 9FCC20921E4AEBAC00CF9D06 /* Project object */;
}
